
Microsoft Visual Studio Solution File, Format Version 12.00
# Visual Studio Version 16
VisualStudioVersion = 16.0.30523.141
MinimumVisualStudioVersion = 10.0.40219.1
Project("{FAE04EC0-301F-11D3-BF4B-00C04F79EFBC}") = "FibonacciSequenceThreading", "FibonacciSequenceThreading\FibonacciSequenceThreading.csproj", "{BCFA7737-7165-4080-B5BA-F1FF0FBE7547}"
EndProject
Global
	GlobalSection(SolutionConfigurationPlatforms) = preSolution
		Debug|Any CPU = Debug|Any CPU
		Release|Any CPU = Release|Any CPU
	EndGlobalSection
	GlobalSection(ProjectConfigurationPlatforms) = postSolution
		{BCFA7737-7165-4080-B5BA-F1FF0FBE7547}.Debug|Any CPU.ActiveCfg = Debug|Any CPU
		{BCFA7737-7165-4080-B5BA-F1FF0FBE7547}.Debug|Any CPU.Build.0 = Debug|Any CPU
		{BCFA7737-7165-4080-B5BA-F1FF0FBE7547}.Release|Any CPU.ActiveCfg = Release|Any CPU
		{BCFA7737-7165-4080-B5BA-F1FF0FBE7547}.Release|Any CPU.Build.0 = Release|Any CPU
	EndGlobalSection
	GlobalSection(SolutionProperties) = preSolution
		HideSolutionNode = FALSE
	EndGlobalSection
	GlobalSection(ExtensibilityGlobals) = postSolution
		SolutionGuid = {F658780D-98AD-4BF4-ADDB-D97233A55C70}
	EndGlobalSection
EndGlobal
